// !$*UTF8*$!
{
	archiveVersion = 1;
	classes = {
	};
	objectVersion = 50;
	objects = {

/* Begin PBXBuildFile section */
		69351902263F8C120046FFC7 /* Mount.swift in Sources */ = {isa = PBXBuildFile; fileRef = 69351901263F8C120046FFC7 /* Mount.swift */; };
		69351904263F997E0046FFC7 /* File.swift in Sources */ = {isa = PBXBuildFile; fileRef = 69351903263F997E0046FFC7 /* File.swift */; };
		695E5092263A844700DDE43E /* CharacterCollectionViewController.swift in Sources */ = {isa = PBXBuildFile; fileRef = 695E5091263A844700DDE43E /* CharacterCollectionViewController.swift */; };
		696F49A3263A0C6600598800 /* SWCharacter.swift in Sources */ = {isa = PBXBuildFile; fileRef = 696F49A2263A0C6600598800 /* SWCharacter.swift */; };
		69B1FD522636453700161CED /* AppDelegate.swift in Sources */ = {isa = PBXBuildFile; fileRef = 69B1FD512636453700161CED /* AppDelegate.swift */; };
		69B1FD542636453700161CED /* SceneDelegate.swift in Sources */ = {isa = PBXBuildFile; fileRef = 69B1FD532636453700161CED /* SceneDelegate.swift */; };
		69B1FD592636453700161CED /* Main.storyboard in Resources */ = {isa = PBXBuildFile; fileRef = 69B1FD572636453700161CED /* Main.storyboard */; };
		69B1FD5B2636453900161CED /* Assets.xcassets in Resources */ = {isa = PBXBuildFile; fileRef = 69B1FD5A2636453900161CED /* Assets.xcassets */; };
		69B1FD5E2636453900161CED /* LaunchScreen.storyboard in Resources */ = {isa = PBXBuildFile; fileRef = 69B1FD5C2636453900161CED /* LaunchScreen.storyboard */; };
		69B1FD81263694B500161CED /* CharacterCollectionViewCell.swift in Sources */ = {isa = PBXBuildFile; fileRef = 69B1FD80263694B500161CED /* CharacterCollectionViewCell.swift */; };
/* End PBXBuildFile section */

/* Begin PBXFileReference section */
		69351901263F8C120046FFC7 /* Mount.swift */ = {isa = PBXFileReference; lastKnownFileType = sourcecode.swift; path = Mount.swift; sourceTree = "<group>"; };
		69351903263F997E0046FFC7 /* File.swift */ = {isa = PBXFileReference; lastKnownFileType = sourcecode.swift; path = File.swift; sourceTree = "<group>"; };
		695E5091263A844700DDE43E /* CharacterCollectionViewController.swift */ = {isa = PBXFileReference; lastKnownFileType = sourcecode.swift; path = CharacterCollectionViewController.swift; sourceTree = "<group>"; };
		696F49A2263A0C6600598800 /* SWCharacter.swift */ = {isa = PBXFileReference; lastKnownFileType = sourcecode.swift; path = SWCharacter.swift; sourceTree = "<group>"; };
		69B1FD4E2636453700161CED /* GOTgame.app */ = {isa = PBXFileReference; explicitFileType = wrapper.application; includeInIndex = 0; path = GOTgame.app; sourceTree = BUILT_PRODUCTS_DIR; };
		69B1FD512636453700161CED /* AppDelegate.swift */ = {isa = PBXFileReference; lastKnownFileType = sourcecode.swift; path = AppDelegate.swift; sourceTree = "<group>"; };
		69B1FD532636453700161CED /* SceneDelegate.swift */ = {isa = PBXFileReference; lastKnownFileType = sourcecode.swift; path = SceneDelegate.swift; sourceTree = "<group>"; };
		69B1FD582636453700161CED /* Base */ = {isa = PBXFileReference; lastKnownFileType = file.storyboard; name = Base; path = Base.lproj/Main.storyboard; sourceTree = "<group>"; };
		69B1FD5A2636453900161CED /* Assets.xcassets */ = {isa = PBXFileReference; lastKnownFileType = folder.assetcatalog; path = Assets.xcassets; sourceTree = "<group>"; };
		69B1FD5D2636453900161CED /* Base */ = {isa = PBXFileReference; lastKnownFileType = file.storyboard; name = Base; path = Base.lproj/LaunchScreen.storyboard; sourceTree = "<group>"; };
		69B1FD5F2636453900161CED /* Info.plist */ = {isa = PBXFileReference; lastKnownFileType = text.plist.xml; path = Info.plist; sourceTree = "<group>"; };
		69B1FD80263694B500161CED /* CharacterCollectionViewCell.swift */ = {isa = PBXFileReference; lastKnownFileType = sourcecode.swift; path = CharacterCollectionViewCell.swift; sourceTree = "<group>"; };
/* End PBXFileReference section */

/* Begin PBXFrameworksBuildPhase section */
		69B1FD4B2636453700161CED /* Frameworks */ = {
			isa = PBXFrameworksBuildPhase;
			buildActionMask = 2147483647;
			files = (
			);
			runOnlyForDeploymentPostprocessing = 0;
		};
/* End PBXFrameworksBuildPhase section */

/* Begin PBXGroup section */
		690BD6972637E71300E54090 /* CustomView */ = {
			isa = PBXGroup;
			children = (
				69B1FD80263694B500161CED /* CharacterCollectionViewCell.swift */,
			);
			path = CustomView;
			sourceTree = "<group>";
		};
		69B1FD452636453700161CED = {
			isa = PBXGroup;
			children = (
				69B1FD502636453700161CED /* GOTgame */,
				69B1FD4F2636453700161CED /* Products */,
			);
			sourceTree = "<group>";
		};
		69B1FD4F2636453700161CED /* Products */ = {
			isa = PBXGroup;
			children = (
				69B1FD4E2636453700161CED /* GOTgame.app */,
			);
			name = Products;
			sourceTree = "<group>";
		};
		69B1FD502636453700161CED /* GOTgame */ = {
			isa = PBXGroup;
			children = (
				69B1FD6A2636463200161CED /* Model */,
				69B1FD68263645C700161CED /* View */,
				69B1FD6F263647C200161CED /* ViewController */,
				69B1FD662636455600161CED /* Resource */,
			);
			path = GOTgame;
			sourceTree = "<group>";
		};
		69B1FD662636455600161CED /* Resource */ = {
			isa = PBXGroup;
			children = (
				69B1FD512636453700161CED /* AppDelegate.swift */,
				69B1FD532636453700161CED /* SceneDelegate.swift */,
				69B1FD5A2636453900161CED /* Assets.xcassets */,
				69B1FD5F2636453900161CED /* Info.plist */,
			);
			path = Resource;
			sourceTree = "<group>";
		};
		69B1FD68263645C700161CED /* View */ = {
			isa = PBXGroup;
			children = (
				690BD6972637E71300E54090 /* CustomView */,
				69B1FD69263645D700161CED /* Storyboards */,
			);
			path = View;
			sourceTree = "<group>";
		};
		69B1FD69263645D700161CED /* Storyboards */ = {
			isa = PBXGroup;
			children = (
				69B1FD572636453700161CED /* Main.storyboard */,
				69B1FD5C2636453900161CED /* LaunchScreen.storyboard */,
			);
			path = Storyboards;
			sourceTree = "<group>";
		};
		69B1FD6A2636463200161CED /* Model */ = {
			isa = PBXGroup;
			children = (
				696F49A2263A0C6600598800 /* SWCharacter.swift */,
				69351901263F8C120046FFC7 /* Mount.swift */,
			);
			path = Model;
			sourceTree = "<group>";
		};
		69B1FD6F263647C200161CED /* ViewController */ = {
			isa = PBXGroup;
			children = (
				69B1FD7426364B8500161CED /* ViewController */,
				69B1FD7326364B7700161CED /* ModelController */,
			);
			path = ViewController;
			sourceTree = "<group>";
		};
		69B1FD7326364B7700161CED /* ModelController */ = {
			isa = PBXGroup;
			children = (
			);
			path = ModelController;
			sourceTree = "<group>";
		};
		69B1FD7426364B8500161CED /* ViewController */ = {
			isa = PBXGroup;
			children = (
				695E5091263A844700DDE43E /* CharacterCollectionViewController.swift */,
				69351903263F997E0046FFC7 /* File.swift */,
			);
			path = ViewController;
			sourceTree = "<group>";
		};
/* End PBXGroup section */

/* Begin PBXNativeTarget section */
		69B1FD4D2636453700161CED /* GOTgame */ = {
			isa = PBXNativeTarget;
			buildConfigurationList = 69B1FD622636453900161CED /* Build configuration list for PBXNativeTarget "GOTgame" */;
			buildPhases = (
				69B1FD4A2636453700161CED /* Sources */,
				69B1FD4B2636453700161CED /* Frameworks */,
				69B1FD4C2636453700161CED /* Resources */,
			);
			buildRules = (
			);
			dependencies = (
			);
			name = GOTgame;
			productName = GOTgame;
			productReference = 69B1FD4E2636453700161CED /* GOTgame.app */;
			productType = "com.apple.product-type.application";
		};
/* End PBXNativeTarget section */

/* Begin PBXProject section */
		69B1FD462636453700161CED /* Project object */ = {
			isa = PBXProject;
			attributes = {
				LastSwiftUpdateCheck = 1240;
				LastUpgradeCheck = 1240;
				TargetAttributes = {
					69B1FD4D2636453700161CED = {
						CreatedOnToolsVersion = 12.4;
					};
				};
			};
			buildConfigurationList = 69B1FD492636453700161CED /* Build configuration list for PBXProject "GOTgame" */;
			compatibilityVersion = "Xcode 9.3";
			developmentRegion = en;
			hasScannedForEncodings = 0;
			knownRegions = (
				en,
				Base,
			);
			mainGroup = 69B1FD452636453700161CED;
			productRefGroup = 69B1FD4F2636453700161CED /* Products */;
			projectDirPath = "";
			projectRoot = "";
			targets = (
				69B1FD4D2636453700161CED /* GOTgame */,
			);
		};
/* End PBXProject section */

/* Begin PBXResourcesBuildPhase section */
		69B1FD4C2636453700161CED /* Resources */ = {
			isa = PBXResourcesBuildPhase;
			buildActionMask = 2147483647;
			files = (
				69B1FD5E2636453900161CED /* LaunchScreen.storyboard in Resources */,
				69B1FD5B2636453900161CED /* Assets.xcassets in Resources */,
				69B1FD592636453700161CED /* Main.storyboard in Resources */,
			);
			runOnlyForDeploymentPostprocessing = 0;
		};
/* End PBXResourcesBuildPhase section */

/* Begin PBXSourcesBuildPhase section */
		69B1FD4A2636453700161CED /* Sources */ = {
			isa = PBXSourcesBuildPhase;
			buildActionMask = 2147483647;
			files = (
				695E5092263A844700DDE43E /* CharacterCollectionViewController.swift in Sources */,
				69351902263F8C120046FFC7 /* Mount.swift in Sources */,
				69B1FD81263694B500161CED /* CharacterCollectionViewCell.swift in Sources */,
				69B1FD522636453700161CED /* AppDelegate.swift in Sources */,
				69B1FD542636453700161CED /* SceneDelegate.swift in Sources */,
				696F49A3263A0C6600598800 /* SWCharacter.swift in Sources */,
				69351904263F997E0046FFC7 /* File.swift in Sources */,
			);
			runOnlyForDeploymentPostprocessing = 0;
		};
/* End PBXSourcesBuildPhase section */

/* Begin PBXVariantGroup section */
		69B1FD572636453700161CED /* Main.storyboard */ = {
			isa = PBXVariantGroup;
			children = (
				69B1FD582636453700161CED /* Base */,
			);
			name = Main.storyboard;
			sourceTree = "<group>";
		};
		69B1FD5C2636453900161CED /* LaunchScreen.storyboard */ = {
			isa = PBXVariantGroup;
			children = (
				69B1FD5D2636453900161CED /* Base */,
			);
			name = LaunchScreen.storyboard;
			sourceTree = "<group>";
		};
/* End PBXVariantGroup section */

/* Begin XCBuildConfiguration section */
		69B1FD602636453900161CED /* Debug */ = {
			isa = XCBuildConfiguration;
			buildSettings = {
				ALWAYS_SEARCH_USER_PATHS = NO;
				CLANG_ANALYZER_NONNULL = YES;
				CLANG_ANALYZER_NUMBER_OBJECT_CONVERSION = YES_AGGRESSIVE;
				CLANG_CXX_LANGUAGE_STANDARD = "gnu++14";
				CLANG_CXX_LIBRARY = "libc++";
				CLANG_ENABLE_MODULES = YES;
				CLANG_ENABLE_OBJC_ARC = YES;
				CLANG_ENABLE_OBJC_WEAK = YES;
				CLANG_WARN_BLOCK_CAPTURE_AUTORELEASING = YES;
				CLANG_WARN_BOOL_CONVERSION = YES;
				CLANG_WARN_COMMA = YES;
				CLANG_WARN_CONSTANT_CONVERSION = YES;
				CLANG_WARN_DEPRECATED_OBJC_IMPLEMENTATIONS = YES;
				CLANG_WARN_DIRECT_OBJC_ISA_USAGE = YES_ERROR;
				CLANG_WARN_DOCUMENTATION_COMMENTS = YES;
				CLANG_WARN_EMPTY_BODY = YES;
				CLANG_WARN_ENUM_CONVERSION = YES;
				CLANG_WARN_INFINITE_RECURSION = YES;
				CLANG_WARN_INT_CONVERSION = YES;
				CLANG_WARN_NON_LITERAL_NULL_CONVERSION = YES;
				CLANG_WARN_OBJC_IMPLICIT_RETAIN_SELF = YES;
				CLANG_WARN_OBJC_LITERAL_CONVERSION = YES;
				CLANG_WARN_OBJC_ROOT_CLASS = YES_ERROR;
				CLANG_WARN_QUOTED_INCLUDE_IN_FRAMEWORK_HEADER = YES;
				CLANG_WARN_RANGE_LOOP_ANALYSIS = YES;
				CLANG_WARN_STRICT_PROTOTYPES = YES;
				CLANG_WARN_SUSPICIOUS_MOVE = YES;
				CLANG_WARN_UNGUARDED_AVAILABILITY = YES_AGGRESSIVE;
				CLANG_WARN_UNREACHABLE_CODE = YES;
				CLANG_WARN__DUPLICATE_METHOD_MATCH = YES;
				COPY_PHASE_STRIP = NO;
				DEBUG_INFORMATION_FORMAT = dwarf;
				ENABLE_STRICT_OBJC_MSGSEND = YES;
				ENABLE_TESTABILITY = YES;
				GCC_C_LANGUAGE_STANDARD = gnu11;
				GCC_DYNAMIC_NO_PIC = NO;
				GCC_NO_COMMON_BLOCKS = YES;
				GCC_OPTIMIZATION_LEVEL = 0;
				GCC_PREPROCESSOR_DEFINITIONS = (
					"DEBUG=1",
					"$(inherited)",
				);
				GCC_WARN_64_TO_32_BIT_CONVERSION = YES;
				GCC_WARN_ABOUT_RETURN_TYPE = YES_ERROR;
				GCC_WARN_UNDECLARED_SELECTOR = YES;
				GCC_WARN_UNINITIALIZED_AUTOS = YES_AGGRESSIVE;
				GCC_WARN_UNUSED_FUNCTION = YES;
				GCC_WARN_UNUSED_VARIABLE = YES;
				IPHONEOS_DEPLOYMENT_TARGET = 14.4;
				MTL_ENABLE_DEBUG_INFO = INCLUDE_SOURCE;
				MTL_FAST_MATH = YES;
				ONLY_ACTIVE_ARCH = YES;
				SDKROOT = iphoneos;
				SWIFT_ACTIVE_COMPILATION_CONDITIONS = DEBUG;
				SWIFT_OPTIMIZATION_LEVEL = "-Onone";
			};
			name = Debug;
		};
		69B1FD612636453900161CED /* Release */ = {
			isa = XCBuildConfiguration;
			buildSettings = {
				ALWAYS_SEARCH_USER_PATHS = NO;
				CLANG_ANALYZER_NONNULL = YES;
				CLANG_ANALYZER_NUMBER_OBJECT_CONVERSION = YES_AGGRESSIVE;
				CLANG_CXX_LANGUAGE_STANDARD = "gnu++14";
				CLANG_CXX_LIBRARY = "libc++";
				CLANG_ENABLE_MODULES = YES;
				CLANG_ENABLE_OBJC_ARC = YES;
				CLANG_ENABLE_OBJC_WEAK = YES;
				CLANG_WARN_BLOCK_CAPTURE_AUTORELEASING = YES;
				CLANG_WARN_BOOL_CONVERSION = YES;
				CLANG_WARN_COMMA = YES;
				CLANG_WARN_CONSTANT_CONVERSION = YES;
				CLANG_WARN_DEPRECATED_OBJC_IMPLEMENTATIONS = YES;
				CLANG_WARN_DIRECT_OBJC_ISA_USAGE = YES_ERROR;
				CLANG_WARN_DOCUMENTATION_COMMENTS = YES;
				CLANG_WARN_EMPTY_BODY = YES;
				CLANG_WARN_ENUM_CONVERSION = YES;
				CLANG_WARN_INFINITE_RECURSION = YES;
				CLANG_WARN_INT_CONVERSION = YES;
				CLANG_WARN_NON_LITERAL_NULL_CONVERSION = YES;
				CLANG_WARN_OBJC_IMPLICIT_RETAIN_SELF = YES;
				CLANG_WARN_OBJC_LITERAL_CONVERSION = YES;
				CLANG_WARN_OBJC_ROOT_CLASS = YES_ERROR;
				CLANG_WARN_QUOTED_INCLUDE_IN_FRAMEWORK_HEADER = YES;
				CLANG_WARN_RANGE_LOOP_ANALYSIS = YES;
				CLANG_WARN_STRICT_PROTOTYPES = YES;
				CLANG_WARN_SUSPICIOUS_MOVE = YES;
				CLANG_WARN_UNGUARDED_AVAILABILITY = YES_AGGRESSIVE;
				CLANG_WARN_UNREACHABLE_CODE = YES;
				CLANG_WARN__DUPLICATE_METHOD_MATCH = YES;
				COPY_PHASE_STRIP = NO;
				DEBUG_INFORMATION_FORMAT = "dwarf-with-dsym";
				ENABLE_NS_ASSERTIONS = NO;
				ENABLE_STRICT_OBJC_MSGSEND = YES;
				GCC_C_LANGUAGE_STANDARD = gnu11;
				GCC_NO_COMMON_BLOCKS = YES;
				GCC_WARN_64_TO_32_BIT_CONVERSION = YES;
				GCC_WARN_ABOUT_RETURN_TYPE = YES_ERROR;
				GCC_WARN_UNDECLARED_SELECTOR = YES;
				GCC_WARN_UNINITIALIZED_AUTOS = YES_AGGRESSIVE;
				GCC_WARN_UNUSED_FUNCTION = YES;
				GCC_WARN_UNUSED_VARIABLE = YES;
				IPHONEOS_DEPLOYMENT_TARGET = 14.4;
				MTL_ENABLE_DEBUG_INFO = NO;
				MTL_FAST_MATH = YES;
				SDKROOT = iphoneos;
				SWIFT_COMPILATION_MODE = wholemodule;
				SWIFT_OPTIMIZATION_LEVEL = "-O";
				VALIDATE_PRODUCT = YES;
			};
			name = Release;
		};
		69B1FD632636453900161CED /* Debug */ = {
			isa = XCBuildConfiguration;
			buildSettings = {
				ASSETCATALOG_COMPILER_APPICON_NAME = AppIcon;
				ASSETCATALOG_COMPILER_GLOBAL_ACCENT_COLOR_NAME = AccentColor;
				CODE_SIGN_STYLE = Automatic;
				DEVELOPMENT_TEAM = 4ZYNZTW632;
				INFOPLIST_FILE = GOTgame/Resource/Info.plist;
				LD_RUNPATH_SEARCH_PATHS = (
					"$(inherited)",
					"@executable_path/Frameworks",
				);
				PRODUCT_BUNDLE_IDENTIFIER = com.phillipsjames.firstApp.GOTgame;
				PRODUCT_NAME = "$(TARGET_NAME)";
				SWIFT_VERSION = 5.0;
				TARGETED_DEVICE_FAMILY = "1,2";
			};
			name = Debug;
		};
		69B1FD642636453900161CED /* Release */ = {
			isa = XCBuildConfiguration;
			buildSettings = {
				ASSETCATALOG_COMPILER_APPICON_NAME = AppIcon;
				ASSETCATALOG_COMPILER_GLOBAL_ACCENT_COLOR_NAME = AccentColor;
				CODE_SIGN_STYLE = Automatic;
				DEVELOPMENT_TEAM = 4ZYNZTW632;
				INFOPLIST_FILE = GOTgame/Resource/Info.plist;
				LD_RUNPATH_SEARCH_PATHS = (
					"$(inherited)",
					"@executable_path/Frameworks",
				);
				PRODUCT_BUNDLE_IDENTIFIER = com.phillipsjames.firstApp.GOTgame;
				PRODUCT_NAME = "$(TARGET_NAME)";
				SWIFT_VERSION = 5.0;
				TARGETED_DEVICE_FAMILY = "1,2";
			};
			name = Release;
		};
/* End XCBuildConfiguration section */

/* Begin XCConfigurationList section */
		69B1FD492636453700161CED /* Build configuration list for PBXProject "GOTgame" */ = {
			isa = XCConfigurationList;
			buildConfigurations = (
				69B1FD602636453900161CED /* Debug */,
				69B1FD612636453900161CED /* Release */,
			);
			defaultConfigurationIsVisible = 0;
			defaultConfigurationName = Release;
		};
		69B1FD622636453900161CED /* Build configuration list for PBXNativeTarget "GOTgame" */ = {
			isa = XCConfigurationList;
			buildConfigurations = (
				69B1FD632636453900161CED /* Debug */,
				69B1FD642636453900161CED /* Release */,
			);
			defaultConfigurationIsVisible = 0;
			defaultConfigurationName = Release;
		};
/* End XCConfigurationList section */
	};
	rootObject = 69B1FD462636453700161CED /* Project object */;
}
