// !$*UTF8*$!
{
	archiveVersion = 1;
	classes = {
	};
	objectVersion = 50;
	objects = {

/* Begin PBXBuildFile section */
		7EC8F555259B5AAD003641BD /* AppDelegate.swift in Sources */ = {isa = PBXBuildFile; fileRef = 7EC8F554259B5AAD003641BD /* AppDelegate.swift */; };
		7EC8F557259B5AAD003641BD /* SceneDelegate.swift in Sources */ = {isa = PBXBuildFile; fileRef = 7EC8F556259B5AAD003641BD /* SceneDelegate.swift */; };
		7EC8F55C259B5AAD003641BD /* Main.storyboard in Resources */ = {isa = PBXBuildFile; fileRef = 7EC8F55A259B5AAD003641BD /* Main.storyboard */; };
		7EC8F55E259B5AB0003641BD /* Assets.xcassets in Resources */ = {isa = PBXBuildFile; fileRef = 7EC8F55D259B5AB0003641BD /* Assets.xcassets */; };
		7EC8F561259B5AB0003641BD /* LaunchScreen.storyboard in Resources */ = {isa = PBXBuildFile; fileRef = 7EC8F55F259B5AB0003641BD /* LaunchScreen.storyboard */; };
		7EC8F56E259B8EF3003641BD /* TaskListTableViewController.swift in Sources */ = {isa = PBXBuildFile; fileRef = 7EC8F56D259B8EF3003641BD /* TaskListTableViewController.swift */; };
		7EC8F571259B8F77003641BD /* TaskDetailViewController.swift in Sources */ = {isa = PBXBuildFile; fileRef = 7EC8F570259B8F77003641BD /* TaskDetailViewController.swift */; };
		7EC8F574259B9280003641BD /* Task.swift in Sources */ = {isa = PBXBuildFile; fileRef = 7EC8F573259B9280003641BD /* Task.swift */; };
		7EC8F577259B92FF003641BD /* TaskController.swift in Sources */ = {isa = PBXBuildFile; fileRef = 7EC8F576259B92FF003641BD /* TaskController.swift */; };
		7EC8F57A259BCBC8003641BD /* TaskTableViewCell.swift in Sources */ = {isa = PBXBuildFile; fileRef = 7EC8F579259BCBC8003641BD /* TaskTableViewCell.swift */; };
/* End PBXBuildFile section */

/* Begin PBXFileReference section */
		7EC8F551259B5AAD003641BD /* Task.app */ = {isa = PBXFileReference; explicitFileType = wrapper.application; includeInIndex = 0; path = Task.app; sourceTree = BUILT_PRODUCTS_DIR; };
		7EC8F554259B5AAD003641BD /* AppDelegate.swift */ = {isa = PBXFileReference; lastKnownFileType = sourcecode.swift; path = AppDelegate.swift; sourceTree = "<group>"; };
		7EC8F556259B5AAD003641BD /* SceneDelegate.swift */ = {isa = PBXFileReference; lastKnownFileType = sourcecode.swift; path = SceneDelegate.swift; sourceTree = "<group>"; };
		7EC8F55B259B5AAD003641BD /* Base */ = {isa = PBXFileReference; lastKnownFileType = file.storyboard; name = Base; path = Base.lproj/Main.storyboard; sourceTree = "<group>"; };
		7EC8F55D259B5AB0003641BD /* Assets.xcassets */ = {isa = PBXFileReference; lastKnownFileType = folder.assetcatalog; path = Assets.xcassets; sourceTree = "<group>"; };
		7EC8F560259B5AB0003641BD /* Base */ = {isa = PBXFileReference; lastKnownFileType = file.storyboard; name = Base; path = Base.lproj/LaunchScreen.storyboard; sourceTree = "<group>"; };
		7EC8F562259B5AB0003641BD /* Info.plist */ = {isa = PBXFileReference; lastKnownFileType = text.plist.xml; path = Info.plist; sourceTree = "<group>"; };
		7EC8F56D259B8EF3003641BD /* TaskListTableViewController.swift */ = {isa = PBXFileReference; lastKnownFileType = sourcecode.swift; path = TaskListTableViewController.swift; sourceTree = "<group>"; };
		7EC8F570259B8F77003641BD /* TaskDetailViewController.swift */ = {isa = PBXFileReference; lastKnownFileType = sourcecode.swift; path = TaskDetailViewController.swift; sourceTree = "<group>"; };
		7EC8F573259B9280003641BD /* Task.swift */ = {isa = PBXFileReference; lastKnownFileType = sourcecode.swift; path = Task.swift; sourceTree = "<group>"; };
		7EC8F576259B92FF003641BD /* TaskController.swift */ = {isa = PBXFileReference; lastKnownFileType = sourcecode.swift; path = TaskController.swift; sourceTree = "<group>"; };
		7EC8F579259BCBC8003641BD /* TaskTableViewCell.swift */ = {isa = PBXFileReference; lastKnownFileType = sourcecode.swift; path = TaskTableViewCell.swift; sourceTree = "<group>"; };
/* End PBXFileReference section */

/* Begin PBXFrameworksBuildPhase section */
		7EC8F54E259B5AAD003641BD /* Frameworks */ = {
			isa = PBXFrameworksBuildPhase;
			buildActionMask = 2147483647;
			files = (
			);
			runOnlyForDeploymentPostprocessing = 0;
		};
/* End PBXFrameworksBuildPhase section */

/* Begin PBXGroup section */
		7E3C1890259CFBAF00CDB7FA /* View Controllers */ = {
			isa = PBXGroup;
			children = (
				7EC8F56D259B8EF3003641BD /* TaskListTableViewController.swift */,
				7EC8F570259B8F77003641BD /* TaskDetailViewController.swift */,
			);
			path = "View Controllers";
			sourceTree = "<group>";
		};
		7E3C1892259CFBB800CDB7FA /* Model Controller */ = {
			isa = PBXGroup;
			children = (
				7EC8F576259B92FF003641BD /* TaskController.swift */,
			);
			path = "Model Controller";
			sourceTree = "<group>";
		};
		7E3C1894259CFBBF00CDB7FA /* Controllers */ = {
			isa = PBXGroup;
			children = (
				7E3C1890259CFBAF00CDB7FA /* View Controllers */,
				7E3C1892259CFBB800CDB7FA /* Model Controller */,
			);
			path = Controllers;
			sourceTree = "<group>";
		};
		7E3C1896259CFBC900CDB7FA /* Model */ = {
			isa = PBXGroup;
			children = (
				7EC8F573259B9280003641BD /* Task.swift */,
			);
			path = Model;
			sourceTree = "<group>";
		};
		7E3C1898259CFBD400CDB7FA /* Custom Cell */ = {
			isa = PBXGroup;
			children = (
				7EC8F579259BCBC8003641BD /* TaskTableViewCell.swift */,
			);
			path = "Custom Cell";
			sourceTree = "<group>";
		};
		7E3C189A259CFBDC00CDB7FA /* Views */ = {
			isa = PBXGroup;
			children = (
				7EC8F56B259B5AD3003641BD /* Storyboards */,
				7E3C1898259CFBD400CDB7FA /* Custom Cell */,
			);
			path = Views;
			sourceTree = "<group>";
		};
		7EC8F548259B5AAD003641BD = {
			isa = PBXGroup;
			children = (
				7EC8F553259B5AAD003641BD /* Task */,
				7EC8F552259B5AAD003641BD /* Products */,
			);
			sourceTree = "<group>";
		};
		7EC8F552259B5AAD003641BD /* Products */ = {
			isa = PBXGroup;
			children = (
				7EC8F551259B5AAD003641BD /* Task.app */,
			);
			name = Products;
			sourceTree = "<group>";
		};
		7EC8F553259B5AAD003641BD /* Task */ = {
			isa = PBXGroup;
			children = (
				7E3C1896259CFBC900CDB7FA /* Model */,
				7E3C1894259CFBBF00CDB7FA /* Controllers */,
				7E3C189A259CFBDC00CDB7FA /* Views */,
				7EC8F569259B5AC4003641BD /* Resources */,
			);
			path = Task;
			sourceTree = "<group>";
		};
		7EC8F569259B5AC4003641BD /* Resources */ = {
			isa = PBXGroup;
			children = (
				7EC8F554259B5AAD003641BD /* AppDelegate.swift */,
				7EC8F556259B5AAD003641BD /* SceneDelegate.swift */,
				7EC8F55D259B5AB0003641BD /* Assets.xcassets */,
				7EC8F562259B5AB0003641BD /* Info.plist */,
			);
			path = Resources;
			sourceTree = "<group>";
		};
		7EC8F56B259B5AD3003641BD /* Storyboards */ = {
			isa = PBXGroup;
			children = (
				7EC8F55A259B5AAD003641BD /* Main.storyboard */,
				7EC8F55F259B5AB0003641BD /* LaunchScreen.storyboard */,
			);
			path = Storyboards;
			sourceTree = "<group>";
		};
/* End PBXGroup section */

/* Begin PBXNativeTarget section */
		7EC8F550259B5AAD003641BD /* Task */ = {
			isa = PBXNativeTarget;
			buildConfigurationList = 7EC8F565259B5AB0003641BD /* Build configuration list for PBXNativeTarget "Task" */;
			buildPhases = (
				7EC8F54D259B5AAD003641BD /* Sources */,
				7EC8F54E259B5AAD003641BD /* Frameworks */,
				7EC8F54F259B5AAD003641BD /* Resources */,
			);
			buildRules = (
			);
			dependencies = (
			);
			name = Task;
			productName = Task;
			productReference = 7EC8F551259B5AAD003641BD /* Task.app */;
			productType = "com.apple.product-type.application";
		};
/* End PBXNativeTarget section */

/* Begin PBXProject section */
		7EC8F549259B5AAD003641BD /* Project object */ = {
			isa = PBXProject;
			attributes = {
				LastSwiftUpdateCheck = 1230;
				LastUpgradeCheck = 1230;
				TargetAttributes = {
					7EC8F550259B5AAD003641BD = {
						CreatedOnToolsVersion = 12.3;
					};
				};
			};
			buildConfigurationList = 7EC8F54C259B5AAD003641BD /* Build configuration list for PBXProject "Task" */;
			compatibilityVersion = "Xcode 9.3";
			developmentRegion = en;
			hasScannedForEncodings = 0;
			knownRegions = (
				en,
				Base,
			);
			mainGroup = 7EC8F548259B5AAD003641BD;
			productRefGroup = 7EC8F552259B5AAD003641BD /* Products */;
			projectDirPath = "";
			projectRoot = "";
			targets = (
				7EC8F550259B5AAD003641BD /* Task */,
			);
		};
/* End PBXProject section */

/* Begin PBXResourcesBuildPhase section */
		7EC8F54F259B5AAD003641BD /* Resources */ = {
			isa = PBXResourcesBuildPhase;
			buildActionMask = 2147483647;
			files = (
				7EC8F561259B5AB0003641BD /* LaunchScreen.storyboard in Resources */,
				7EC8F55E259B5AB0003641BD /* Assets.xcassets in Resources */,
				7EC8F55C259B5AAD003641BD /* Main.storyboard in Resources */,
			);
			runOnlyForDeploymentPostprocessing = 0;
		};
/* End PBXResourcesBuildPhase section */

/* Begin PBXSourcesBuildPhase section */
		7EC8F54D259B5AAD003641BD /* Sources */ = {
			isa = PBXSourcesBuildPhase;
			buildActionMask = 2147483647;
			files = (
				7EC8F57A259BCBC8003641BD /* TaskTableViewCell.swift in Sources */,
				7EC8F56E259B8EF3003641BD /* TaskListTableViewController.swift in Sources */,
				7EC8F555259B5AAD003641BD /* AppDelegate.swift in Sources */,
				7EC8F574259B9280003641BD /* Task.swift in Sources */,
				7EC8F571259B8F77003641BD /* TaskDetailViewController.swift in Sources */,
				7EC8F577259B92FF003641BD /* TaskController.swift in Sources */,
				7EC8F557259B5AAD003641BD /* SceneDelegate.swift in Sources */,
			);
			runOnlyForDeploymentPostprocessing = 0;
		};
/* End PBXSourcesBuildPhase section */

/* Begin PBXVariantGroup section */
		7EC8F55A259B5AAD003641BD /* Main.storyboard */ = {
			isa = PBXVariantGroup;
			children = (
				7EC8F55B259B5AAD003641BD /* Base */,
			);
			name = Main.storyboard;
			sourceTree = "<group>";
		};
		7EC8F55F259B5AB0003641BD /* LaunchScreen.storyboard */ = {
			isa = PBXVariantGroup;
			children = (
				7EC8F560259B5AB0003641BD /* Base */,
			);
			name = LaunchScreen.storyboard;
			sourceTree = "<group>";
		};
/* End PBXVariantGroup section */

/* Begin XCBuildConfiguration section */
		7EC8F563259B5AB0003641BD /* Debug */ = {
			isa = XCBuildConfiguration;
			buildSettings = {
				ALWAYS_SEARCH_USER_PATHS = NO;
				CLANG_ANALYZER_NONNULL = YES;
				CLANG_ANALYZER_NUMBER_OBJECT_CONVERSION = YES_AGGRESSIVE;
				CLANG_CXX_LANGUAGE_STANDARD = "gnu++14";
				CLANG_CXX_LIBRARY = "libc++";
				CLANG_ENABLE_MODULES = YES;
				CLANG_ENABLE_OBJC_ARC = YES;
				CLANG_ENABLE_OBJC_WEAK = YES;
				CLANG_WARN_BLOCK_CAPTURE_AUTORELEASING = YES;
				CLANG_WARN_BOOL_CONVERSION = YES;
				CLANG_WARN_COMMA = YES;
				CLANG_WARN_CONSTANT_CONVERSION = YES;
				CLANG_WARN_DEPRECATED_OBJC_IMPLEMENTATIONS = YES;
				CLANG_WARN_DIRECT_OBJC_ISA_USAGE = YES_ERROR;
				CLANG_WARN_DOCUMENTATION_COMMENTS = YES;
				CLANG_WARN_EMPTY_BODY = YES;
				CLANG_WARN_ENUM_CONVERSION = YES;
				CLANG_WARN_INFINITE_RECURSION = YES;
				CLANG_WARN_INT_CONVERSION = YES;
				CLANG_WARN_NON_LITERAL_NULL_CONVERSION = YES;
				CLANG_WARN_OBJC_IMPLICIT_RETAIN_SELF = YES;
				CLANG_WARN_OBJC_LITERAL_CONVERSION = YES;
				CLANG_WARN_OBJC_ROOT_CLASS = YES_ERROR;
				CLANG_WARN_QUOTED_INCLUDE_IN_FRAMEWORK_HEADER = YES;
				CLANG_WARN_RANGE_LOOP_ANALYSIS = YES;
				CLANG_WARN_STRICT_PROTOTYPES = YES;
				CLANG_WARN_SUSPICIOUS_MOVE = YES;
				CLANG_WARN_UNGUARDED_AVAILABILITY = YES_AGGRESSIVE;
				CLANG_WARN_UNREACHABLE_CODE = YES;
				CLANG_WARN__DUPLICATE_METHOD_MATCH = YES;
				COPY_PHASE_STRIP = NO;
				DEBUG_INFORMATION_FORMAT = dwarf;
				ENABLE_STRICT_OBJC_MSGSEND = YES;
				ENABLE_TESTABILITY = YES;
				GCC_C_LANGUAGE_STANDARD = gnu11;
				GCC_DYNAMIC_NO_PIC = NO;
				GCC_NO_COMMON_BLOCKS = YES;
				GCC_OPTIMIZATION_LEVEL = 0;
				GCC_PREPROCESSOR_DEFINITIONS = (
					"DEBUG=1",
					"$(inherited)",
				);
				GCC_WARN_64_TO_32_BIT_CONVERSION = YES;
				GCC_WARN_ABOUT_RETURN_TYPE = YES_ERROR;
				GCC_WARN_UNDECLARED_SELECTOR = YES;
				GCC_WARN_UNINITIALIZED_AUTOS = YES_AGGRESSIVE;
				GCC_WARN_UNUSED_FUNCTION = YES;
				GCC_WARN_UNUSED_VARIABLE = YES;
				IPHONEOS_DEPLOYMENT_TARGET = 14.3;
				MTL_ENABLE_DEBUG_INFO = INCLUDE_SOURCE;
				MTL_FAST_MATH = YES;
				ONLY_ACTIVE_ARCH = YES;
				SDKROOT = iphoneos;
				SWIFT_ACTIVE_COMPILATION_CONDITIONS = DEBUG;
				SWIFT_OPTIMIZATION_LEVEL = "-Onone";
			};
			name = Debug;
		};
		7EC8F564259B5AB0003641BD /* Release */ = {
			isa = XCBuildConfiguration;
			buildSettings = {
				ALWAYS_SEARCH_USER_PATHS = NO;
				CLANG_ANALYZER_NONNULL = YES;
				CLANG_ANALYZER_NUMBER_OBJECT_CONVERSION = YES_AGGRESSIVE;
				CLANG_CXX_LANGUAGE_STANDARD = "gnu++14";
				CLANG_CXX_LIBRARY = "libc++";
				CLANG_ENABLE_MODULES = YES;
				CLANG_ENABLE_OBJC_ARC = YES;
				CLANG_ENABLE_OBJC_WEAK = YES;
				CLANG_WARN_BLOCK_CAPTURE_AUTORELEASING = YES;
				CLANG_WARN_BOOL_CONVERSION = YES;
				CLANG_WARN_COMMA = YES;
				CLANG_WARN_CONSTANT_CONVERSION = YES;
				CLANG_WARN_DEPRECATED_OBJC_IMPLEMENTATIONS = YES;
				CLANG_WARN_DIRECT_OBJC_ISA_USAGE = YES_ERROR;
				CLANG_WARN_DOCUMENTATION_COMMENTS = YES;
				CLANG_WARN_EMPTY_BODY = YES;
				CLANG_WARN_ENUM_CONVERSION = YES;
				CLANG_WARN_INFINITE_RECURSION = YES;
				CLANG_WARN_INT_CONVERSION = YES;
				CLANG_WARN_NON_LITERAL_NULL_CONVERSION = YES;
				CLANG_WARN_OBJC_IMPLICIT_RETAIN_SELF = YES;
				CLANG_WARN_OBJC_LITERAL_CONVERSION = YES;
				CLANG_WARN_OBJC_ROOT_CLASS = YES_ERROR;
				CLANG_WARN_QUOTED_INCLUDE_IN_FRAMEWORK_HEADER = YES;
				CLANG_WARN_RANGE_LOOP_ANALYSIS = YES;
				CLANG_WARN_STRICT_PROTOTYPES = YES;
				CLANG_WARN_SUSPICIOUS_MOVE = YES;
				CLANG_WARN_UNGUARDED_AVAILABILITY = YES_AGGRESSIVE;
				CLANG_WARN_UNREACHABLE_CODE = YES;
				CLANG_WARN__DUPLICATE_METHOD_MATCH = YES;
				COPY_PHASE_STRIP = NO;
				DEBUG_INFORMATION_FORMAT = "dwarf-with-dsym";
				ENABLE_NS_ASSERTIONS = NO;
				ENABLE_STRICT_OBJC_MSGSEND = YES;
				GCC_C_LANGUAGE_STANDARD = gnu11;
				GCC_NO_COMMON_BLOCKS = YES;
				GCC_WARN_64_TO_32_BIT_CONVERSION = YES;
				GCC_WARN_ABOUT_RETURN_TYPE = YES_ERROR;
				GCC_WARN_UNDECLARED_SELECTOR = YES;
				GCC_WARN_UNINITIALIZED_AUTOS = YES_AGGRESSIVE;
				GCC_WARN_UNUSED_FUNCTION = YES;
				GCC_WARN_UNUSED_VARIABLE = YES;
				IPHONEOS_DEPLOYMENT_TARGET = 14.3;
				MTL_ENABLE_DEBUG_INFO = NO;
				MTL_FAST_MATH = YES;
				SDKROOT = iphoneos;
				SWIFT_COMPILATION_MODE = wholemodule;
				SWIFT_OPTIMIZATION_LEVEL = "-O";
				VALIDATE_PRODUCT = YES;
			};
			name = Release;
		};
		7EC8F566259B5AB0003641BD /* Debug */ = {
			isa = XCBuildConfiguration;
			buildSettings = {
				ASSETCATALOG_COMPILER_APPICON_NAME = AppIcon;
				ASSETCATALOG_COMPILER_GLOBAL_ACCENT_COLOR_NAME = AccentColor;
				CODE_SIGN_STYLE = Automatic;
				DEVELOPMENT_TEAM = KMTDCPCY5V;
				INFOPLIST_FILE = Task/Resources/Info.plist;
				IPHONEOS_DEPLOYMENT_TARGET = 14.0;
				LD_RUNPATH_SEARCH_PATHS = (
					"$(inherited)",
					"@executable_path/Frameworks",
				);
				PRODUCT_BUNDLE_IDENTIFIER = com.CameronStuart.Task;
				PRODUCT_NAME = "$(TARGET_NAME)";
				SWIFT_VERSION = 5.0;
				TARGETED_DEVICE_FAMILY = "1,2";
			};
			name = Debug;
		};
		7EC8F567259B5AB0003641BD /* Release */ = {
			isa = XCBuildConfiguration;
			buildSettings = {
				ASSETCATALOG_COMPILER_APPICON_NAME = AppIcon;
				ASSETCATALOG_COMPILER_GLOBAL_ACCENT_COLOR_NAME = AccentColor;
				CODE_SIGN_STYLE = Automatic;
				DEVELOPMENT_TEAM = KMTDCPCY5V;
				INFOPLIST_FILE = Task/Resources/Info.plist;
				IPHONEOS_DEPLOYMENT_TARGET = 14.0;
				LD_RUNPATH_SEARCH_PATHS = (
					"$(inherited)",
					"@executable_path/Frameworks",
				);
				PRODUCT_BUNDLE_IDENTIFIER = com.CameronStuart.Task;
				PRODUCT_NAME = "$(TARGET_NAME)";
				SWIFT_VERSION = 5.0;
				TARGETED_DEVICE_FAMILY = "1,2";
			};
			name = Release;
		};
/* End XCBuildConfiguration section */

/* Begin XCConfigurationList section */
		7EC8F54C259B5AAD003641BD /* Build configuration list for PBXProject "Task" */ = {
			isa = XCConfigurationList;
			buildConfigurations = (
				7EC8F563259B5AB0003641BD /* Debug */,
				7EC8F564259B5AB0003641BD /* Release */,
			);
			defaultConfigurationIsVisible = 0;
			defaultConfigurationName = Release;
		};
		7EC8F565259B5AB0003641BD /* Build configuration list for PBXNativeTarget "Task" */ = {
			isa = XCConfigurationList;
			buildConfigurations = (
				7EC8F566259B5AB0003641BD /* Debug */,
				7EC8F567259B5AB0003641BD /* Release */,
			);
			defaultConfigurationIsVisible = 0;
			defaultConfigurationName = Release;
		};
/* End XCConfigurationList section */
	};
	rootObject = 7EC8F549259B5AAD003641BD /* Project object */;
}
